
Microsoft Visual Studio Solution File, Format Version 12.00
# Visual Studio 2012
Project("{FAE04EC0-301F-11D3-BF4B-00C04F79EFBC}") = "IronPython.SignalRServer", "IronPython.SignalRServer\IronPython.SignalRServer.csproj", "{9C07F266-7443-4953-B055-FF100F8FBD08}"
EndProject
Project("{FAE04EC0-301F-11D3-BF4B-00C04F79EFBC}") = "IronPython.DotNetClient", "IronPython.DotNetClient\IronPython.DotNetClient.csproj", "{201158CA-56DA-4DA4-BF71-2D101028EEFC}"
EndProject
Global
	GlobalSection(SolutionConfigurationPlatforms) = preSolution
		Debug|Any CPU = Debug|Any CPU
		Release|Any CPU = Release|Any CPU
	EndGlobalSection
	GlobalSection(ProjectConfigurationPlatforms) = postSolution
		{9C07F266-7443-4953-B055-FF100F8FBD08}.Debug|Any CPU.ActiveCfg = Debug|Any CPU
		{9C07F266-7443-4953-B055-FF100F8FBD08}.Debug|Any CPU.Build.0 = Debug|Any CPU
		{9C07F266-7443-4953-B055-FF100F8FBD08}.Release|Any CPU.ActiveCfg = Release|Any CPU
		{9C07F266-7443-4953-B055-FF100F8FBD08}.Release|Any CPU.Build.0 = Release|Any CPU
		{201158CA-56DA-4DA4-BF71-2D101028EEFC}.Debug|Any CPU.ActiveCfg = Debug|Any CPU
		{201158CA-56DA-4DA4-BF71-2D101028EEFC}.Debug|Any CPU.Build.0 = Debug|Any CPU
		{201158CA-56DA-4DA4-BF71-2D101028EEFC}.Release|Any CPU.ActiveCfg = Release|Any CPU
		{201158CA-56DA-4DA4-BF71-2D101028EEFC}.Release|Any CPU.Build.0 = Release|Any CPU
	EndGlobalSection
	GlobalSection(SolutionProperties) = preSolution
		HideSolutionNode = FALSE
	EndGlobalSection
EndGlobal
